// !$*UTF8*$!
{
	archiveVersion = 1;
	classes = {
	};
	objectVersion = 50;
	objects = {

/* Begin PBXBuildFile section */
		9D4C239E237F504F00ACB4D0 /* AppDelegate.swift in Sources */ = {isa = PBXBuildFile; fileRef = 9D4C239D237F504F00ACB4D0 /* AppDelegate.swift */; };
		9D4C23A0237F504F00ACB4D0 /* SceneDelegate.swift in Sources */ = {isa = PBXBuildFile; fileRef = 9D4C239F237F504F00ACB4D0 /* SceneDelegate.swift */; };
		9D4C23A2237F504F00ACB4D0 /* ContentView.swift in Sources */ = {isa = PBXBuildFile; fileRef = 9D4C23A1237F504F00ACB4D0 /* ContentView.swift */; };
		9D4C23A4237F505200ACB4D0 /* Assets.xcassets in Resources */ = {isa = PBXBuildFile; fileRef = 9D4C23A3237F505200ACB4D0 /* Assets.xcassets */; };
		9D4C23A7237F505200ACB4D0 /* Preview Assets.xcassets in Resources */ = {isa = PBXBuildFile; fileRef = 9D4C23A6237F505200ACB4D0 /* Preview Assets.xcassets */; };
		9D4C23AA237F505200ACB4D0 /* LaunchScreen.storyboard in Resources */ = {isa = PBXBuildFile; fileRef = 9D4C23A8237F505200ACB4D0 /* LaunchScreen.storyboard */; };
		9D4C23B5237F505200ACB4D0 /* TestMeTests.swift in Sources */ = {isa = PBXBuildFile; fileRef = 9D4C23B4237F505200ACB4D0 /* TestMeTests.swift */; };
		9D4C23C0237F505200ACB4D0 /* TestMeUITests.swift in Sources */ = {isa = PBXBuildFile; fileRef = 9D4C23BF237F505200ACB4D0 /* TestMeUITests.swift */; };
/* End PBXBuildFile section */

/* Begin PBXContainerItemProxy section */
		9D4C23B1237F505200ACB4D0 /* PBXContainerItemProxy */ = {
			isa = PBXContainerItemProxy;
			containerPortal = 9D4C2392237F504F00ACB4D0 /* Project object */;
			proxyType = 1;
			remoteGlobalIDString = 9D4C2399237F504F00ACB4D0;
			remoteInfo = TestMe;
		};
		9D4C23BC237F505200ACB4D0 /* PBXContainerItemProxy */ = {
			isa = PBXContainerItemProxy;
			containerPortal = 9D4C2392237F504F00ACB4D0 /* Project object */;
			proxyType = 1;
			remoteGlobalIDString = 9D4C2399237F504F00ACB4D0;
			remoteInfo = TestMe;
		};
/* End PBXContainerItemProxy section */

/* Begin PBXFileReference section */
		9D4C239A237F504F00ACB4D0 /* TestMe.app */ = {isa = PBXFileReference; explicitFileType = wrapper.application; includeInIndex = 0; path = TestMe.app; sourceTree = BUILT_PRODUCTS_DIR; };
		9D4C239D237F504F00ACB4D0 /* AppDelegate.swift */ = {isa = PBXFileReference; lastKnownFileType = sourcecode.swift; path = AppDelegate.swift; sourceTree = "<group>"; };
		9D4C239F237F504F00ACB4D0 /* SceneDelegate.swift */ = {isa = PBXFileReference; lastKnownFileType = sourcecode.swift; path = SceneDelegate.swift; sourceTree = "<group>"; };
		9D4C23A1237F504F00ACB4D0 /* ContentView.swift */ = {isa = PBXFileReference; lastKnownFileType = sourcecode.swift; path = ContentView.swift; sourceTree = "<group>"; };
		9D4C23A3237F505200ACB4D0 /* Assets.xcassets */ = {isa = PBXFileReference; lastKnownFileType = folder.assetcatalog; path = Assets.xcassets; sourceTree = "<group>"; };
		9D4C23A6237F505200ACB4D0 /* Preview Assets.xcassets */ = {isa = PBXFileReference; lastKnownFileType = folder.assetcatalog; path = "Preview Assets.xcassets"; sourceTree = "<group>"; };
		9D4C23A9237F505200ACB4D0 /* Base */ = {isa = PBXFileReference; lastKnownFileType = file.storyboard; name = Base; path = Base.lproj/LaunchScreen.storyboard; sourceTree = "<group>"; };
		9D4C23AB237F505200ACB4D0 /* Info.plist */ = {isa = PBXFileReference; lastKnownFileType = text.plist.xml; path = Info.plist; sourceTree = "<group>"; };
		9D4C23B0237F505200ACB4D0 /* TestMeTests.xctest */ = {isa = PBXFileReference; explicitFileType = wrapper.cfbundle; includeInIndex = 0; path = TestMeTests.xctest; sourceTree = BUILT_PRODUCTS_DIR; };
		9D4C23B4237F505200ACB4D0 /* TestMeTests.swift */ = {isa = PBXFileReference; lastKnownFileType = sourcecode.swift; path = TestMeTests.swift; sourceTree = "<group>"; };
		9D4C23B6237F505200ACB4D0 /* Info.plist */ = {isa = PBXFileReference; lastKnownFileType = text.plist.xml; path = Info.plist; sourceTree = "<group>"; };
		9D4C23BB237F505200ACB4D0 /* TestMeUITests.xctest */ = {isa = PBXFileReference; explicitFileType = wrapper.cfbundle; includeInIndex = 0; path = TestMeUITests.xctest; sourceTree = BUILT_PRODUCTS_DIR; };
		9D4C23BF237F505200ACB4D0 /* TestMeUITests.swift */ = {isa = PBXFileReference; lastKnownFileType = sourcecode.swift; path = TestMeUITests.swift; sourceTree = "<group>"; };
		9D4C23C1237F505200ACB4D0 /* Info.plist */ = {isa = PBXFileReference; lastKnownFileType = text.plist.xml; path = Info.plist; sourceTree = "<group>"; };
/* End PBXFileReference section */

/* Begin PBXFrameworksBuildPhase section */
		9D4C2397237F504F00ACB4D0 /* Frameworks */ = {
			isa = PBXFrameworksBuildPhase;
			buildActionMask = 2147483647;
			files = (
			);
			runOnlyForDeploymentPostprocessing = 0;
		};
		9D4C23AD237F505200ACB4D0 /* Frameworks */ = {
			isa = PBXFrameworksBuildPhase;
			buildActionMask = 2147483647;
			files = (
			);
			runOnlyForDeploymentPostprocessing = 0;
		};
		9D4C23B8237F505200ACB4D0 /* Frameworks */ = {
			isa = PBXFrameworksBuildPhase;
			buildActionMask = 2147483647;
			files = (
			);
			runOnlyForDeploymentPostprocessing = 0;
		};
/* End PBXFrameworksBuildPhase section */

/* Begin PBXGroup section */
		9D4C2391237F504F00ACB4D0 = {
			isa = PBXGroup;
			children = (
				9D4C239C237F504F00ACB4D0 /* TestMe */,
				9D4C23B3237F505200ACB4D0 /* TestMeTests */,
				9D4C23BE237F505200ACB4D0 /* TestMeUITests */,
				9D4C239B237F504F00ACB4D0 /* Products */,
			);
			sourceTree = "<group>";
		};
		9D4C239B237F504F00ACB4D0 /* Products */ = {
			isa = PBXGroup;
			children = (
				9D4C239A237F504F00ACB4D0 /* TestMe.app */,
				9D4C23B0237F505200ACB4D0 /* TestMeTests.xctest */,
				9D4C23BB237F505200ACB4D0 /* TestMeUITests.xctest */,
			);
			name = Products;
			sourceTree = "<group>";
		};
		9D4C239C237F504F00ACB4D0 /* TestMe */ = {
			isa = PBXGroup;
			children = (
				9D4C239D237F504F00ACB4D0 /* AppDelegate.swift */,
				9D4C239F237F504F00ACB4D0 /* SceneDelegate.swift */,
				9D4C23A1237F504F00ACB4D0 /* ContentView.swift */,
				9D4C23A3237F505200ACB4D0 /* Assets.xcassets */,
				9D4C23A8237F505200ACB4D0 /* LaunchScreen.storyboard */,
				9D4C23AB237F505200ACB4D0 /* Info.plist */,
				9D4C23A5237F505200ACB4D0 /* Preview Content */,
			);
			path = TestMe;
			sourceTree = "<group>";
		};
		9D4C23A5237F505200ACB4D0 /* Preview Content */ = {
			isa = PBXGroup;
			children = (
				9D4C23A6237F505200ACB4D0 /* Preview Assets.xcassets */,
			);
			path = "Preview Content";
			sourceTree = "<group>";
		};
		9D4C23B3237F505200ACB4D0 /* TestMeTests */ = {
			isa = PBXGroup;
			children = (
				9D4C23B4237F505200ACB4D0 /* TestMeTests.swift */,
				9D4C23B6237F505200ACB4D0 /* Info.plist */,
			);
			path = TestMeTests;
			sourceTree = "<group>";
		};
		9D4C23BE237F505200ACB4D0 /* TestMeUITests */ = {
			isa = PBXGroup;
			children = (
				9D4C23BF237F505200ACB4D0 /* TestMeUITests.swift */,
				9D4C23C1237F505200ACB4D0 /* Info.plist */,
			);
			path = TestMeUITests;
			sourceTree = "<group>";
		};
/* End PBXGroup section */

/* Begin PBXNativeTarget section */
		9D4C2399237F504F00ACB4D0 /* TestMe */ = {
			isa = PBXNativeTarget;
			buildConfigurationList = 9D4C23C4237F505200ACB4D0 /* Build configuration list for PBXNativeTarget "TestMe" */;
			buildPhases = (
				9D4C2396237F504F00ACB4D0 /* Sources */,
				9D4C2397237F504F00ACB4D0 /* Frameworks */,
				9D4C2398237F504F00ACB4D0 /* Resources */,
			);
			buildRules = (
			);
			dependencies = (
			);
			name = TestMe;
			productName = TestMe;
			productReference = 9D4C239A237F504F00ACB4D0 /* TestMe.app */;
			productType = "com.apple.product-type.application";
		};
		9D4C23AF237F505200ACB4D0 /* TestMeTests */ = {
			isa = PBXNativeTarget;
			buildConfigurationList = 9D4C23C7237F505200ACB4D0 /* Build configuration list for PBXNativeTarget "TestMeTests" */;
			buildPhases = (
				9D4C23AC237F505200ACB4D0 /* Sources */,
				9D4C23AD237F505200ACB4D0 /* Frameworks */,
				9D4C23AE237F505200ACB4D0 /* Resources */,
			);
			buildRules = (
			);
			dependencies = (
				9D4C23B2237F505200ACB4D0 /* PBXTargetDependency */,
			);
			name = TestMeTests;
			productName = TestMeTests;
			productReference = 9D4C23B0237F505200ACB4D0 /* TestMeTests.xctest */;
			productType = "com.apple.product-type.bundle.unit-test";
		};
		9D4C23BA237F505200ACB4D0 /* TestMeUITests */ = {
			isa = PBXNativeTarget;
			buildConfigurationList = 9D4C23CA237F505200ACB4D0 /* Build configuration list for PBXNativeTarget "TestMeUITests" */;
			buildPhases = (
				9D4C23B7237F505200ACB4D0 /* Sources */,
				9D4C23B8237F505200ACB4D0 /* Frameworks */,
				9D4C23B9237F505200ACB4D0 /* Resources */,
			);
			buildRules = (
			);
			dependencies = (
				9D4C23BD237F505200ACB4D0 /* PBXTargetDependency */,
			);
			name = TestMeUITests;
			productName = TestMeUITests;
			productReference = 9D4C23BB237F505200ACB4D0 /* TestMeUITests.xctest */;
			productType = "com.apple.product-type.bundle.ui-testing";
		};
/* End PBXNativeTarget section */

/* Begin PBXProject section */
		9D4C2392237F504F00ACB4D0 /* Project object */ = {
			isa = PBXProject;
			attributes = {
				LastSwiftUpdateCheck = 1120;
				LastUpgradeCheck = 1120;
				ORGANIZATIONNAME = "Raven Weitzel";
				TargetAttributes = {
					9D4C2399237F504F00ACB4D0 = {
						CreatedOnToolsVersion = 11.2.1;
					};
					9D4C23AF237F505200ACB4D0 = {
						CreatedOnToolsVersion = 11.2.1;
						TestTargetID = 9D4C2399237F504F00ACB4D0;
					};
					9D4C23BA237F505200ACB4D0 = {
						CreatedOnToolsVersion = 11.2.1;
						TestTargetID = 9D4C2399237F504F00ACB4D0;
					};
				};
			};
			buildConfigurationList = 9D4C2395237F504F00ACB4D0 /* Build configuration list for PBXProject "TestMe" */;
			compatibilityVersion = "Xcode 9.3";
			developmentRegion = en;
			hasScannedForEncodings = 0;
			knownRegions = (
				en,
				Base,
			);
			mainGroup = 9D4C2391237F504F00ACB4D0;
			productRefGroup = 9D4C239B237F504F00ACB4D0 /* Products */;
			projectDirPath = "";
			projectRoot = "";
			targets = (
				9D4C2399237F504F00ACB4D0 /* TestMe */,
				9D4C23AF237F505200ACB4D0 /* TestMeTests */,
				9D4C23BA237F505200ACB4D0 /* TestMeUITests */,
			);
		};
/* End PBXProject section */

/* Begin PBXResourcesBuildPhase section */
		9D4C2398237F504F00ACB4D0 /* Resources */ = {
			isa = PBXResourcesBuildPhase;
			buildActionMask = 2147483647;
			files = (
				9D4C23AA237F505200ACB4D0 /* LaunchScreen.storyboard in Resources */,
				9D4C23A7237F505200ACB4D0 /* Preview Assets.xcassets in Resources */,
				9D4C23A4237F505200ACB4D0 /* Assets.xcassets in Resources */,
			);
			runOnlyForDeploymentPostprocessing = 0;
		};
		9D4C23AE237F505200ACB4D0 /* Resources */ = {
			isa = PBXResourcesBuildPhase;
			buildActionMask = 2147483647;
			files = (
			);
			runOnlyForDeploymentPostprocessing = 0;
		};
		9D4C23B9237F505200ACB4D0 /* Resources */ = {
			isa = PBXResourcesBuildPhase;
			buildActionMask = 2147483647;
			files = (
			);
			runOnlyForDeploymentPostprocessing = 0;
		};
/* End PBXResourcesBuildPhase section */

/* Begin PBXSourcesBuildPhase section */
		9D4C2396237F504F00ACB4D0 /* Sources */ = {
			isa = PBXSourcesBuildPhase;
			buildActionMask = 2147483647;
			files = (
				9D4C239E237F504F00ACB4D0 /* AppDelegate.swift in Sources */,
				9D4C23A0237F504F00ACB4D0 /* SceneDelegate.swift in Sources */,
				9D4C23A2237F504F00ACB4D0 /* ContentView.swift in Sources */,
			);
			runOnlyForDeploymentPostprocessing = 0;
		};
		9D4C23AC237F505200ACB4D0 /* Sources */ = {
			isa = PBXSourcesBuildPhase;
			buildActionMask = 2147483647;
			files = (
				9D4C23B5237F505200ACB4D0 /* TestMeTests.swift in Sources */,
			);
			runOnlyForDeploymentPostprocessing = 0;
		};
		9D4C23B7237F505200ACB4D0 /* Sources */ = {
			isa = PBXSourcesBuildPhase;
			buildActionMask = 2147483647;
			files = (
				9D4C23C0237F505200ACB4D0 /* TestMeUITests.swift in Sources */,
			);
			runOnlyForDeploymentPostprocessing = 0;
		};
/* End PBXSourcesBuildPhase section */

/* Begin PBXTargetDependency section */
		9D4C23B2237F505200ACB4D0 /* PBXTargetDependency */ = {
			isa = PBXTargetDependency;
			target = 9D4C2399237F504F00ACB4D0 /* TestMe */;
			targetProxy = 9D4C23B1237F505200ACB4D0 /* PBXContainerItemProxy */;
		};
		9D4C23BD237F505200ACB4D0 /* PBXTargetDependency */ = {
			isa = PBXTargetDependency;
			target = 9D4C2399237F504F00ACB4D0 /* TestMe */;
			targetProxy = 9D4C23BC237F505200ACB4D0 /* PBXContainerItemProxy */;
		};
/* End PBXTargetDependency section */

/* Begin PBXVariantGroup section */
		9D4C23A8237F505200ACB4D0 /* LaunchScreen.storyboard */ = {
			isa = PBXVariantGroup;
			children = (
				9D4C23A9237F505200ACB4D0 /* Base */,
			);
			name = LaunchScreen.storyboard;
			sourceTree = "<group>";
		};
/* End PBXVariantGroup section */

/* Begin XCBuildConfiguration section */
		9D4C23C2237F505200ACB4D0 /* Debug */ = {
			isa = XCBuildConfiguration;
			buildSettings = {
				ALWAYS_SEARCH_USER_PATHS = NO;
				CLANG_ANALYZER_NONNULL = YES;
				CLANG_ANALYZER_NUMBER_OBJECT_CONVERSION = YES_AGGRESSIVE;
				CLANG_CXX_LANGUAGE_STANDARD = "gnu++14";
				CLANG_CXX_LIBRARY = "libc++";
				CLANG_ENABLE_MODULES = YES;
				CLANG_ENABLE_OBJC_ARC = YES;
				CLANG_ENABLE_OBJC_WEAK = YES;
				CLANG_WARN_BLOCK_CAPTURE_AUTORELEASING = YES;
				CLANG_WARN_BOOL_CONVERSION = YES;
				CLANG_WARN_COMMA = YES;
				CLANG_WARN_CONSTANT_CONVERSION = YES;
				CLANG_WARN_DEPRECATED_OBJC_IMPLEMENTATIONS = YES;
				CLANG_WARN_DIRECT_OBJC_ISA_USAGE = YES_ERROR;
				CLANG_WARN_DOCUMENTATION_COMMENTS = YES;
				CLANG_WARN_EMPTY_BODY = YES;
				CLANG_WARN_ENUM_CONVERSION = YES;
				CLANG_WARN_INFINITE_RECURSION = YES;
				CLANG_WARN_INT_CONVERSION = YES;
				CLANG_WARN_NON_LITERAL_NULL_CONVERSION = YES;
				CLANG_WARN_OBJC_IMPLICIT_RETAIN_SELF = YES;
				CLANG_WARN_OBJC_LITERAL_CONVERSION = YES;
				CLANG_WARN_OBJC_ROOT_CLASS = YES_ERROR;
				CLANG_WARN_RANGE_LOOP_ANALYSIS = YES;
				CLANG_WARN_STRICT_PROTOTYPES = YES;
				CLANG_WARN_SUSPICIOUS_MOVE = YES;
				CLANG_WARN_UNGUARDED_AVAILABILITY = YES_AGGRESSIVE;
				CLANG_WARN_UNREACHABLE_CODE = YES;
				CLANG_WARN__DUPLICATE_METHOD_MATCH = YES;
				COPY_PHASE_STRIP = NO;
				DEBUG_INFORMATION_FORMAT = dwarf;
				ENABLE_STRICT_OBJC_MSGSEND = YES;
				ENABLE_TESTABILITY = YES;
				GCC_C_LANGUAGE_STANDARD = gnu11;
				GCC_DYNAMIC_NO_PIC = NO;
				GCC_NO_COMMON_BLOCKS = YES;
				GCC_OPTIMIZATION_LEVEL = 0;
				GCC_PREPROCESSOR_DEFINITIONS = (
					"DEBUG=1",
					"$(inherited)",
				);
				GCC_WARN_64_TO_32_BIT_CONVERSION = YES;
				GCC_WARN_ABOUT_RETURN_TYPE = YES_ERROR;
				GCC_WARN_UNDECLARED_SELECTOR = YES;
				GCC_WARN_UNINITIALIZED_AUTOS = YES_AGGRESSIVE;
				GCC_WARN_UNUSED_FUNCTION = YES;
				GCC_WARN_UNUSED_VARIABLE = YES;
				IPHONEOS_DEPLOYMENT_TARGET = 13.2;
				MTL_ENABLE_DEBUG_INFO = INCLUDE_SOURCE;
				MTL_FAST_MATH = YES;
				ONLY_ACTIVE_ARCH = YES;
				SDKROOT = iphoneos;
				SWIFT_ACTIVE_COMPILATION_CONDITIONS = DEBUG;
				SWIFT_OPTIMIZATION_LEVEL = "-Onone";
			};
			name = Debug;
		};
		9D4C23C3237F505200ACB4D0 /* Release */ = {
			isa = XCBuildConfiguration;
			buildSettings = {
				ALWAYS_SEARCH_USER_PATHS = NO;
				CLANG_ANALYZER_NONNULL = YES;
				CLANG_ANALYZER_NUMBER_OBJECT_CONVERSION = YES_AGGRESSIVE;
				CLANG_CXX_LANGUAGE_STANDARD = "gnu++14";
				CLANG_CXX_LIBRARY = "libc++";
				CLANG_ENABLE_MODULES = YES;
				CLANG_ENABLE_OBJC_ARC = YES;
				CLANG_ENABLE_OBJC_WEAK = YES;
				CLANG_WARN_BLOCK_CAPTURE_AUTORELEASING = YES;
				CLANG_WARN_BOOL_CONVERSION = YES;
				CLANG_WARN_COMMA = YES;
				CLANG_WARN_CONSTANT_CONVERSION = YES;
				CLANG_WARN_DEPRECATED_OBJC_IMPLEMENTATIONS = YES;
				CLANG_WARN_DIRECT_OBJC_ISA_USAGE = YES_ERROR;
				CLANG_WARN_DOCUMENTATION_COMMENTS = YES;
				CLANG_WARN_EMPTY_BODY = YES;
				CLANG_WARN_ENUM_CONVERSION = YES;
				CLANG_WARN_INFINITE_RECURSION = YES;
				CLANG_WARN_INT_CONVERSION = YES;
				CLANG_WARN_NON_LITERAL_NULL_CONVERSION = YES;
				CLANG_WARN_OBJC_IMPLICIT_RETAIN_SELF = YES;
				CLANG_WARN_OBJC_LITERAL_CONVERSION = YES;
				CLANG_WARN_OBJC_ROOT_CLASS = YES_ERROR;
				CLANG_WARN_RANGE_LOOP_ANALYSIS = YES;
				CLANG_WARN_STRICT_PROTOTYPES = YES;
				CLANG_WARN_SUSPICIOUS_MOVE = YES;
				CLANG_WARN_UNGUARDED_AVAILABILITY = YES_AGGRESSIVE;
				CLANG_WARN_UNREACHABLE_CODE = YES;
				CLANG_WARN__DUPLICATE_METHOD_MATCH = YES;
				COPY_PHASE_STRIP = NO;
				DEBUG_INFORMATION_FORMAT = "dwarf-with-dsym";
				ENABLE_NS_ASSERTIONS = NO;
				ENABLE_STRICT_OBJC_MSGSEND = YES;
				GCC_C_LANGUAGE_STANDARD = gnu11;
				GCC_NO_COMMON_BLOCKS = YES;
				GCC_WARN_64_TO_32_BIT_CONVERSION = YES;
				GCC_WARN_ABOUT_RETURN_TYPE = YES_ERROR;
				GCC_WARN_UNDECLARED_SELECTOR = YES;
				GCC_WARN_UNINITIALIZED_AUTOS = YES_AGGRESSIVE;
				GCC_WARN_UNUSED_FUNCTION = YES;
				GCC_WARN_UNUSED_VARIABLE = YES;
				IPHONEOS_DEPLOYMENT_TARGET = 13.2;
				MTL_ENABLE_DEBUG_INFO = NO;
				MTL_FAST_MATH = YES;
				SDKROOT = iphoneos;
				SWIFT_COMPILATION_MODE = wholemodule;
				SWIFT_OPTIMIZATION_LEVEL = "-O";
				VALIDATE_PRODUCT = YES;
			};
			name = Release;
		};
		9D4C23C5237F505200ACB4D0 /* Debug */ = {
			isa = XCBuildConfiguration;
			buildSettings = {
				ASSETCATALOG_COMPILER_APPICON_NAME = AppIcon;
				CODE_SIGN_STYLE = Automatic;
				DEVELOPMENT_ASSET_PATHS = "\"TestMe/Preview Content\"";
				ENABLE_PREVIEWS = YES;
				INFOPLIST_FILE = TestMe/Info.plist;
				LD_RUNPATH_SEARCH_PATHS = (
					"$(inherited)",
					"@executable_path/Frameworks",
				);
				PRODUCT_BUNDLE_IDENTIFIER = com.bluebeam.TestMe;
				PRODUCT_NAME = "$(TARGET_NAME)";
				SWIFT_VERSION = 5.0;
				TARGETED_DEVICE_FAMILY = "1,2";
			};
			name = Debug;
		};
		9D4C23C6237F505200ACB4D0 /* Release */ = {
			isa = XCBuildConfiguration;
			buildSettings = {
				ASSETCATALOG_COMPILER_APPICON_NAME = AppIcon;
				CODE_SIGN_STYLE = Automatic;
				DEVELOPMENT_ASSET_PATHS = "\"TestMe/Preview Content\"";
				ENABLE_PREVIEWS = YES;
				INFOPLIST_FILE = TestMe/Info.plist;
				LD_RUNPATH_SEARCH_PATHS = (
					"$(inherited)",
					"@executable_path/Frameworks",
				);
				PRODUCT_BUNDLE_IDENTIFIER = com.bluebeam.TestMe;
				PRODUCT_NAME = "$(TARGET_NAME)";
				SWIFT_VERSION = 5.0;
				TARGETED_DEVICE_FAMILY = "1,2";
			};
			name = Release;
		};
		9D4C23C8237F505200ACB4D0 /* Debug */ = {
			isa = XCBuildConfiguration;
			buildSettings = {
				ALWAYS_EMBED_SWIFT_STANDARD_LIBRARIES = YES;
				BUNDLE_LOADER = "$(TEST_HOST)";
				CODE_SIGN_STYLE = Automatic;
				INFOPLIST_FILE = TestMeTests/Info.plist;
				IPHONEOS_DEPLOYMENT_TARGET = 13.2;
				LD_RUNPATH_SEARCH_PATHS = (
					"$(inherited)",
					"@executable_path/Frameworks",
					"@loader_path/Frameworks",
				);
				PRODUCT_BUNDLE_IDENTIFIER = com.bluebeam.TestMeTests;
				PRODUCT_NAME = "$(TARGET_NAME)";
				SWIFT_VERSION = 5.0;
				TARGETED_DEVICE_FAMILY = "1,2";
				TEST_HOST = "$(BUILT_PRODUCTS_DIR)/TestMe.app/TestMe";
			};
			name = Debug;
		};
		9D4C23C9237F505200ACB4D0 /* Release */ = {
			isa = XCBuildConfiguration;
			buildSettings = {
				ALWAYS_EMBED_SWIFT_STANDARD_LIBRARIES = YES;
				BUNDLE_LOADER = "$(TEST_HOST)";
				CODE_SIGN_STYLE = Automatic;
				INFOPLIST_FILE = TestMeTests/Info.plist;
				IPHONEOS_DEPLOYMENT_TARGET = 13.2;
				LD_RUNPATH_SEARCH_PATHS = (
					"$(inherited)",
					"@executable_path/Frameworks",
					"@loader_path/Frameworks",
				);
				PRODUCT_BUNDLE_IDENTIFIER = com.bluebeam.TestMeTests;
				PRODUCT_NAME = "$(TARGET_NAME)";
				SWIFT_VERSION = 5.0;
				TARGETED_DEVICE_FAMILY = "1,2";
				TEST_HOST = "$(BUILT_PRODUCTS_DIR)/TestMe.app/TestMe";
			};
			name = Release;
		};
		9D4C23CB237F505200ACB4D0 /* Debug */ = {
			isa = XCBuildConfiguration;
			buildSettings = {
				ALWAYS_EMBED_SWIFT_STANDARD_LIBRARIES = YES;
				CODE_SIGN_STYLE = Automatic;
				INFOPLIST_FILE = TestMeUITests/Info.plist;
				LD_RUNPATH_SEARCH_PATHS = (
					"$(inherited)",
					"@executable_path/Frameworks",
					"@loader_path/Frameworks",
				);
				PRODUCT_BUNDLE_IDENTIFIER = com.bluebeam.TestMeUITests;
				PRODUCT_NAME = "$(TARGET_NAME)";
				SWIFT_VERSION = 5.0;
				TARGETED_DEVICE_FAMILY = "1,2";
				TEST_TARGET_NAME = TestMe;
			};
			name = Debug;
		};
		9D4C23CC237F505200ACB4D0 /* Release */ = {
			isa = XCBuildConfiguration;
			buildSettings = {
				ALWAYS_EMBED_SWIFT_STANDARD_LIBRARIES = YES;
				CODE_SIGN_STYLE = Automatic;
				INFOPLIST_FILE = TestMeUITests/Info.plist;
				LD_RUNPATH_SEARCH_PATHS = (
					"$(inherited)",
					"@executable_path/Frameworks",
					"@loader_path/Frameworks",
				);
				PRODUCT_BUNDLE_IDENTIFIER = com.bluebeam.TestMeUITests;
				PRODUCT_NAME = "$(TARGET_NAME)";
				SWIFT_VERSION = 5.0;
				TARGETED_DEVICE_FAMILY = "1,2";
				TEST_TARGET_NAME = TestMe;
			};
			name = Release;
		};
/* End XCBuildConfiguration section */

/* Begin XCConfigurationList section */
		9D4C2395237F504F00ACB4D0 /* Build configuration list for PBXProject "TestMe" */ = {
			isa = XCConfigurationList;
			buildConfigurations = (
				9D4C23C2237F505200ACB4D0 /* Debug */,
				9D4C23C3237F505200ACB4D0 /* Release */,
			);
			defaultConfigurationIsVisible = 0;
			defaultConfigurationName = Release;
		};
		9D4C23C4237F505200ACB4D0 /* Build configuration list for PBXNativeTarget "TestMe" */ = {
			isa = XCConfigurationList;
			buildConfigurations = (
				9D4C23C5237F505200ACB4D0 /* Debug */,
				9D4C23C6237F505200ACB4D0 /* Release */,
			);
			defaultConfigurationIsVisible = 0;
			defaultConfigurationName = Release;
		};
		9D4C23C7237F505200ACB4D0 /* Build configuration list for PBXNativeTarget "TestMeTests" */ = {
			isa = XCConfigurationList;
			buildConfigurations = (
				9D4C23C8237F505200ACB4D0 /* Debug */,
				9D4C23C9237F505200ACB4D0 /* Release */,
			);
			defaultConfigurationIsVisible = 0;
			defaultConfigurationName = Release;
		};
		9D4C23CA237F505200ACB4D0 /* Build configuration list for PBXNativeTarget "TestMeUITests" */ = {
			isa = XCConfigurationList;
			buildConfigurations = (
				9D4C23CB237F505200ACB4D0 /* Debug */,
				9D4C23CC237F505200ACB4D0 /* Release */,
			);
			defaultConfigurationIsVisible = 0;
			defaultConfigurationName = Release;
		};
/* End XCConfigurationList section */
	};
	rootObject = 9D4C2392237F504F00ACB4D0 /* Project object */;
}
